
Microsoft Visual Studio Solution File, Format Version 12.00
# Visual Studio Version 17
VisualStudioVersion = 17.14.36212.18
MinimumVisualStudioVersion = 10.0.40219.1
Project("{FAE04EC0-301F-11D3-BF4B-00C04F79EFBC}") = "Expense.Tracker.Services", "Expense.Tracker.Services\Expense.Tracker.Services.csproj", "{9B95266F-8FA1-4230-BF74-A3C7EB7A6327}"
EndProject
Project("{FAE04EC0-301F-11D3-BF4B-00C04F79EFBC}") = "Expense.Tracker.Services.Abstractions", "Expense.Tracker.Services.Abstractions\Expense.Tracker.Services.Abstractions.csproj", "{2A791043-89F0-4862-B06B-A31882877D5C}"
EndProject
Project("{FAE04EC0-301F-11D3-BF4B-00C04F79EFBC}") = "Expense.Tracker.Peer", "Expense.Tracker.Peer\Expense.Tracker.Peer.csproj", "{B4C79A2C-F456-4B3C-B010-A21457C16112}"
EndProject
Project("{FAE04EC0-301F-11D3-BF4B-00C04F79EFBC}") = "Expense.Tracker.Tests", "Expense.Tracker.Tests\Expense.Tracker.Tests.csproj", "{BE91EB37-21BD-42E8-8B09-4A1B0456BDFB}"
EndProject
Project("{FAE04EC0-301F-11D3-BF4B-00C04F79EFBC}") = "Expense.Tracker.Application", "Expense.Tracker.Application\Expense.Tracker.Application.csproj", "{0AFD5411-B202-3D7F-4C52-80430EEEF44E}"
EndProject
Global
	GlobalSection(SolutionConfigurationPlatforms) = preSolution
		Debug|Any CPU = Debug|Any CPU
		Release|Any CPU = Release|Any CPU
	EndGlobalSection
	GlobalSection(ProjectConfigurationPlatforms) = postSolution
		{9B95266F-8FA1-4230-BF74-A3C7EB7A6327}.Debug|Any CPU.ActiveCfg = Debug|Any CPU
		{9B95266F-8FA1-4230-BF74-A3C7EB7A6327}.Debug|Any CPU.Build.0 = Debug|Any CPU
		{9B95266F-8FA1-4230-BF74-A3C7EB7A6327}.Release|Any CPU.ActiveCfg = Release|Any CPU
		{9B95266F-8FA1-4230-BF74-A3C7EB7A6327}.Release|Any CPU.Build.0 = Release|Any CPU
		{2A791043-89F0-4862-B06B-A31882877D5C}.Debug|Any CPU.ActiveCfg = Debug|Any CPU
		{2A791043-89F0-4862-B06B-A31882877D5C}.Debug|Any CPU.Build.0 = Debug|Any CPU
		{2A791043-89F0-4862-B06B-A31882877D5C}.Release|Any CPU.ActiveCfg = Release|Any CPU
		{2A791043-89F0-4862-B06B-A31882877D5C}.Release|Any CPU.Build.0 = Release|Any CPU
		{B4C79A2C-F456-4B3C-B010-A21457C16112}.Debug|Any CPU.ActiveCfg = Debug|Any CPU
		{B4C79A2C-F456-4B3C-B010-A21457C16112}.Debug|Any CPU.Build.0 = Debug|Any CPU
		{B4C79A2C-F456-4B3C-B010-A21457C16112}.Release|Any CPU.ActiveCfg = Release|Any CPU
		{B4C79A2C-F456-4B3C-B010-A21457C16112}.Release|Any CPU.Build.0 = Release|Any CPU
		{BE91EB37-21BD-42E8-8B09-4A1B0456BDFB}.Debug|Any CPU.ActiveCfg = Debug|Any CPU
		{BE91EB37-21BD-42E8-8B09-4A1B0456BDFB}.Debug|Any CPU.Build.0 = Debug|Any CPU
		{BE91EB37-21BD-42E8-8B09-4A1B0456BDFB}.Release|Any CPU.ActiveCfg = Release|Any CPU
		{BE91EB37-21BD-42E8-8B09-4A1B0456BDFB}.Release|Any CPU.Build.0 = Release|Any CPU
		{0AFD5411-B202-3D7F-4C52-80430EEEF44E}.Debug|Any CPU.ActiveCfg = Debug|Any CPU
		{0AFD5411-B202-3D7F-4C52-80430EEEF44E}.Debug|Any CPU.Build.0 = Debug|Any CPU
		{0AFD5411-B202-3D7F-4C52-80430EEEF44E}.Release|Any CPU.ActiveCfg = Release|Any CPU
		{0AFD5411-B202-3D7F-4C52-80430EEEF44E}.Release|Any CPU.Build.0 = Release|Any CPU
	EndGlobalSection
	GlobalSection(SolutionProperties) = preSolution
		HideSolutionNode = FALSE
	EndGlobalSection
	GlobalSection(ExtensibilityGlobals) = postSolution
		SolutionGuid = {DB45EB98-CA97-4607-B1C6-4EDC124C1F66}
	EndGlobalSection
EndGlobal
